# THIS IS AN AUTOGENERATED FILE. DO NOT EDIT THIS FILE DIRECTLY.
# yarn lockfile v1


chess.js@^1.0.0:
  version "1.0.0"
  resolved "https://registry.yarnpkg.com/chess.js/-/chess.js-1.0.0.tgz#2bf53c75722bab9b730533e82a6e08a79d88f52d"
  integrity sha512-zHaSRub6xkUXxvX9lqgovwRiBvbOmVCTh47rZ0I/HVyCiNc0T5bVLwzshL5X6JtrP+rN/CTmIxdpFr943eP97Q==
